
Microsoft Visual Studio Solution File, Format Version 12.00
# Visual Studio Version 17
VisualStudioVersion = 17.5.002.0
MinimumVisualStudioVersion = 10.0.40219.1
Project("{9A19103F-16F7-4668-BE54-9A1E7A4F7556}") = "NetDaemonApps", "NetDaemonApps\NetDaemonApps.csproj", "{DD6D1757-FE5D-49B4-9A51-8DFE91A60D26}"
EndProject
Project("{2150E333-8FDC-42A3-9474-1A3956D46DE8}") = "Tests", "Tests", "{14F8E586-00A5-4959-ADEB-35CBCD2F138A}"
EndProject
Project("{FAE04EC0-301F-11D3-BF4B-00C04F79EFBC}") = "UnitTests", "Tests\UnitTests\UnitTests.csproj", "{E8F35C42-CC30-4149-B519-B7DDA02E97E2}"
EndProject
Global
	GlobalSection(SolutionConfigurationPlatforms) = preSolution
		Debug|Any CPU = Debug|Any CPU
		Release|Any CPU = Release|Any CPU
	EndGlobalSection
	GlobalSection(ProjectConfigurationPlatforms) = postSolution
		{DD6D1757-FE5D-49B4-9A51-8DFE91A60D26}.Debug|Any CPU.ActiveCfg = Debug|Any CPU
		{DD6D1757-FE5D-49B4-9A51-8DFE91A60D26}.Debug|Any CPU.Build.0 = Debug|Any CPU
		{DD6D1757-FE5D-49B4-9A51-8DFE91A60D26}.Release|Any CPU.ActiveCfg = Release|Any CPU
		{DD6D1757-FE5D-49B4-9A51-8DFE91A60D26}.Release|Any CPU.Build.0 = Release|Any CPU
		{E8F35C42-CC30-4149-B519-B7DDA02E97E2}.Debug|Any CPU.ActiveCfg = Debug|Any CPU
		{E8F35C42-CC30-4149-B519-B7DDA02E97E2}.Debug|Any CPU.Build.0 = Debug|Any CPU
		{E8F35C42-CC30-4149-B519-B7DDA02E97E2}.Release|Any CPU.ActiveCfg = Release|Any CPU
		{E8F35C42-CC30-4149-B519-B7DDA02E97E2}.Release|Any CPU.Build.0 = Release|Any CPU
	EndGlobalSection
	GlobalSection(SolutionProperties) = preSolution
		HideSolutionNode = FALSE
	EndGlobalSection
	GlobalSection(ExtensibilityGlobals) = postSolution
		SolutionGuid = {FDB1949F-09C7-4A94-8D58-A8D7928248EB}
	EndGlobalSection
	GlobalSection(NestedProjects) = preSolution
		{E8F35C42-CC30-4149-B519-B7DDA02E97E2} = {14F8E586-00A5-4959-ADEB-35CBCD2F138A}
	EndGlobalSection
EndGlobal
